// !$*UTF8*$!
{
	archiveVersion = 1;
	classes = {
	};
	objectVersion = 46;
	objects = {

/* Begin PBXBuildFile section */
		6D802D5C1CBBFB310020C7B0 /* AppDelegate.swift in Sources */ = {isa = PBXBuildFile; fileRef = 6D802D5B1CBBFB310020C7B0 /* AppDelegate.swift */; };
		6D802D5E1CBBFB310020C7B0 /* HomePage.swift in Sources */ = {isa = PBXBuildFile; fileRef = 6D802D5D1CBBFB310020C7B0 /* HomePage.swift */; };
		6D802D611CBBFB310020C7B0 /* Main.storyboard in Resources */ = {isa = PBXBuildFile; fileRef = 6D802D5F1CBBFB310020C7B0 /* Main.storyboard */; };
		6D802D631CBBFB310020C7B0 /* Assets.xcassets in Resources */ = {isa = PBXBuildFile; fileRef = 6D802D621CBBFB310020C7B0 /* Assets.xcassets */; };
		6D802D661CBBFB310020C7B0 /* LaunchScreen.storyboard in Resources */ = {isa = PBXBuildFile; fileRef = 6D802D641CBBFB310020C7B0 /* LaunchScreen.storyboard */; };
/* End PBXBuildFile section */

/* Begin PBXFileReference section */
		6D802D581CBBFB310020C7B0 /* NewsReader.app */ = {isa = PBXFileReference; explicitFileType = wrapper.application; includeInIndex = 0; path = NewsReader.app; sourceTree = BUILT_PRODUCTS_DIR; };
		6D802D5B1CBBFB310020C7B0 /* AppDelegate.swift */ = {isa = PBXFileReference; lastKnownFileType = sourcecode.swift; path = AppDelegate.swift; sourceTree = "<group>"; };
		6D802D5D1CBBFB310020C7B0 /* HomePage.swift */ = {isa = PBXFileReference; lastKnownFileType = sourcecode.swift; path = HomePage.swift; sourceTree = "<group>"; };
		6D802D601CBBFB310020C7B0 /* Base */ = {isa = PBXFileReference; lastKnownFileType = file.storyboard; name = Base; path = Base.lproj/Main.storyboard; sourceTree = "<group>"; };
		6D802D621CBBFB310020C7B0 /* Assets.xcassets */ = {isa = PBXFileReference; lastKnownFileType = folder.assetcatalog; path = Assets.xcassets; sourceTree = "<group>"; };
		6D802D651CBBFB310020C7B0 /* Base */ = {isa = PBXFileReference; lastKnownFileType = file.storyboard; name = Base; path = Base.lproj/LaunchScreen.storyboard; sourceTree = "<group>"; };
		6D802D671CBBFB310020C7B0 /* Info.plist */ = {isa = PBXFileReference; lastKnownFileType = text.plist.xml; path = Info.plist; sourceTree = "<group>"; };
/* End PBXFileReference section */

/* Begin PBXFrameworksBuildPhase section */
		6D802D551CBBFB310020C7B0 /* Frameworks */ = {
			isa = PBXFrameworksBuildPhase;
			buildActionMask = 2147483647;
			files = (
			);
			runOnlyForDeploymentPostprocessing = 0;
		};
/* End PBXFrameworksBuildPhase section */

/* Begin PBXGroup section */
		6D802D4F1CBBFB310020C7B0 = {
			isa = PBXGroup;
			children = (
				6D802D5A1CBBFB310020C7B0 /* NewsReader */,
				6D802D591CBBFB310020C7B0 /* Products */,
			);
			sourceTree = "<group>";
		};
		6D802D591CBBFB310020C7B0 /* Products */ = {
			isa = PBXGroup;
			children = (
				6D802D581CBBFB310020C7B0 /* NewsReader.app */,
			);
			name = Products;
			sourceTree = "<group>";
		};
		6D802D5A1CBBFB310020C7B0 /* NewsReader */ = {
			isa = PBXGroup;
			children = (
				6D802D6D1CBBFB490020C7B0 /* Global */,
				6D802D741CBBFB990020C7B0 /* Controller */,
				6D802D731CBBFB910020C7B0 /* Model */,
				6D802D721CBBFB860020C7B0 /* Network */,
				6D802D711CBBFB7F0020C7B0 /* DB */,
				6D802D701CBBFB6D0020C7B0 /* Utility */,
				6D802D6F1CBBFB5E0020C7B0 /* ThirdSDK */,
				6D802D6E1CBBFB540020C7B0 /* Define */,
				6D802D761CBBFBB70020C7B0 /* Resource */,
				6D802D5B1CBBFB310020C7B0 /* AppDelegate.swift */,
				6D802D781CBBFC1E0020C7B0 /* Supporting Files */,
			);
			path = NewsReader;
			sourceTree = "<group>";
		};
		6D802D6D1CBBFB490020C7B0 /* Global */ = {
			isa = PBXGroup;
			children = (
			);
			name = Global;
			sourceTree = "<group>";
		};
		6D802D6E1CBBFB540020C7B0 /* Define */ = {
			isa = PBXGroup;
			children = (
			);
			name = Define;
			sourceTree = "<group>";
		};
		6D802D6F1CBBFB5E0020C7B0 /* ThirdSDK */ = {
			isa = PBXGroup;
			children = (
			);
			name = ThirdSDK;
			sourceTree = "<group>";
		};
		6D802D701CBBFB6D0020C7B0 /* Utility */ = {
			isa = PBXGroup;
			children = (
			);
			name = Utility;
			sourceTree = "<group>";
		};
		6D802D711CBBFB7F0020C7B0 /* DB */ = {
			isa = PBXGroup;
			children = (
			);
			name = DB;
			sourceTree = "<group>";
		};
		6D802D721CBBFB860020C7B0 /* Network */ = {
			isa = PBXGroup;
			children = (
			);
			name = Network;
			sourceTree = "<group>";
		};
		6D802D731CBBFB910020C7B0 /* Model */ = {
			isa = PBXGroup;
			children = (
			);
			name = Model;
			sourceTree = "<group>";
		};
		6D802D741CBBFB990020C7B0 /* Controller */ = {
			isa = PBXGroup;
			children = (
				6D802D791CBBFC3B0020C7B0 /* Page */,
			);
			name = Controller;
			sourceTree = "<group>";
		};
		6D802D751CBBFBA10020C7B0 /* Xib */ = {
			isa = PBXGroup;
			children = (
				6D802D5F1CBBFB310020C7B0 /* Main.storyboard */,
				6D802D641CBBFB310020C7B0 /* LaunchScreen.storyboard */,
			);
			name = Xib;
			sourceTree = "<group>";
		};
		6D802D761CBBFBB70020C7B0 /* Resource */ = {
			isa = PBXGroup;
			children = (
				6D802D7A1CBBFC600020C7B0 /* Config */,
				6D802D771CBBFC0F0020C7B0 /* Image */,
				6D802D751CBBFBA10020C7B0 /* Xib */,
			);
			name = Resource;
			sourceTree = "<group>";
		};
		6D802D771CBBFC0F0020C7B0 /* Image */ = {
			isa = PBXGroup;
			children = (
				6D802D621CBBFB310020C7B0 /* Assets.xcassets */,
			);
			name = Image;
			sourceTree = "<group>";
		};
		6D802D781CBBFC1E0020C7B0 /* Supporting Files */ = {
			isa = PBXGroup;
			children = (
				6D802D671CBBFB310020C7B0 /* Info.plist */,
			);
			name = "Supporting Files";
			sourceTree = "<group>";
		};
		6D802D791CBBFC3B0020C7B0 /* Page */ = {
			isa = PBXGroup;
			children = (
				6D802D5D1CBBFB310020C7B0 /* HomePage.swift */,
			);
			name = Page;
			sourceTree = "<group>";
		};
		6D802D7A1CBBFC600020C7B0 /* Config */ = {
			isa = PBXGroup;
			children = (
			);
			name = Config;
			sourceTree = "<group>";
		};
/* End PBXGroup section */

/* Begin PBXNativeTarget section */
		6D802D571CBBFB310020C7B0 /* NewsReader */ = {
			isa = PBXNativeTarget;
			buildConfigurationList = 6D802D6A1CBBFB310020C7B0 /* Build configuration list for PBXNativeTarget "NewsReader" */;
			buildPhases = (
				6D802D541CBBFB310020C7B0 /* Sources */,
				6D802D551CBBFB310020C7B0 /* Frameworks */,
				6D802D561CBBFB310020C7B0 /* Resources */,
			);
			buildRules = (
			);
			dependencies = (
			);
			name = NewsReader;
			productName = NewsReader;
			productReference = 6D802D581CBBFB310020C7B0 /* NewsReader.app */;
			productType = "com.apple.product-type.application";
		};
/* End PBXNativeTarget section */

/* Begin PBXProject section */
		6D802D501CBBFB310020C7B0 /* Project object */ = {
			isa = PBXProject;
			attributes = {
				LastSwiftUpdateCheck = 0730;
				LastUpgradeCheck = 0730;
				ORGANIZATIONNAME = www.freelyspread.com;
				TargetAttributes = {
					6D802D571CBBFB310020C7B0 = {
						CreatedOnToolsVersion = 7.3;
					};
				};
			};
			buildConfigurationList = 6D802D531CBBFB310020C7B0 /* Build configuration list for PBXProject "NewsReader" */;
			compatibilityVersion = "Xcode 3.2";
			developmentRegion = English;
			hasScannedForEncodings = 0;
			knownRegions = (
				en,
				Base,
			);
			mainGroup = 6D802D4F1CBBFB310020C7B0;
			productRefGroup = 6D802D591CBBFB310020C7B0 /* Products */;
			projectDirPath = "";
			projectRoot = "";
			targets = (
				6D802D571CBBFB310020C7B0 /* NewsReader */,
			);
		};
/* End PBXProject section */

/* Begin PBXResourcesBuildPhase section */
		6D802D561CBBFB310020C7B0 /* Resources */ = {
			isa = PBXResourcesBuildPhase;
			buildActionMask = 2147483647;
			files = (
				6D802D661CBBFB310020C7B0 /* LaunchScreen.storyboard in Resources */,
				6D802D631CBBFB310020C7B0 /* Assets.xcassets in Resources */,
				6D802D611CBBFB310020C7B0 /* Main.storyboard in Resources */,
			);
			runOnlyForDeploymentPostprocessing = 0;
		};
/* End PBXResourcesBuildPhase section */

/* Begin PBXSourcesBuildPhase section */
		6D802D541CBBFB310020C7B0 /* Sources */ = {
			isa = PBXSourcesBuildPhase;
			buildActionMask = 2147483647;
			files = (
				6D802D5E1CBBFB310020C7B0 /* HomePage.swift in Sources */,
				6D802D5C1CBBFB310020C7B0 /* AppDelegate.swift in Sources */,
			);
			runOnlyForDeploymentPostprocessing = 0;
		};
/* End PBXSourcesBuildPhase section */

/* Begin PBXVariantGroup section */
		6D802D5F1CBBFB310020C7B0 /* Main.storyboard */ = {
			isa = PBXVariantGroup;
			children = (
				6D802D601CBBFB310020C7B0 /* Base */,
			);
			name = Main.storyboard;
			sourceTree = "<group>";
		};
		6D802D641CBBFB310020C7B0 /* LaunchScreen.storyboard */ = {
			isa = PBXVariantGroup;
			children = (
				6D802D651CBBFB310020C7B0 /* Base */,
			);
			name = LaunchScreen.storyboard;
			sourceTree = "<group>";
		};
/* End PBXVariantGroup section */

/* Begin XCBuildConfiguration section */
		6D802D681CBBFB310020C7B0 /* Debug */ = {
			isa = XCBuildConfiguration;
			buildSettings = {
				ALWAYS_SEARCH_USER_PATHS = NO;
				CLANG_ANALYZER_NONNULL = YES;
				CLANG_CXX_LANGUAGE_STANDARD = "gnu++0x";
				CLANG_CXX_LIBRARY = "libc++";
				CLANG_ENABLE_MODULES = YES;
				CLANG_ENABLE_OBJC_ARC = YES;
				CLANG_WARN_BOOL_CONVERSION = YES;
				CLANG_WARN_CONSTANT_CONVERSION = YES;
				CLANG_WARN_DIRECT_OBJC_ISA_USAGE = YES_ERROR;
				CLANG_WARN_EMPTY_BODY = YES;
				CLANG_WARN_ENUM_CONVERSION = YES;
				CLANG_WARN_INT_CONVERSION = YES;
				CLANG_WARN_OBJC_ROOT_CLASS = YES_ERROR;
				CLANG_WARN_UNREACHABLE_CODE = YES;
				CLANG_WARN__DUPLICATE_METHOD_MATCH = YES;
				"CODE_SIGN_IDENTITY[sdk=iphoneos*]" = "iPhone Developer";
				COPY_PHASE_STRIP = NO;
				DEBUG_INFORMATION_FORMAT = dwarf;
				ENABLE_STRICT_OBJC_MSGSEND = YES;
				ENABLE_TESTABILITY = YES;
				GCC_C_LANGUAGE_STANDARD = gnu99;
				GCC_DYNAMIC_NO_PIC = NO;
				GCC_NO_COMMON_BLOCKS = YES;
				GCC_OPTIMIZATION_LEVEL = 0;
				GCC_PREPROCESSOR_DEFINITIONS = (
					"DEBUG=1",
					"$(inherited)",
				);
				GCC_WARN_64_TO_32_BIT_CONVERSION = YES;
				GCC_WARN_ABOUT_RETURN_TYPE = YES_ERROR;
				GCC_WARN_UNDECLARED_SELECTOR = YES;
				GCC_WARN_UNINITIALIZED_AUTOS = YES_AGGRESSIVE;
				GCC_WARN_UNUSED_FUNCTION = YES;
				GCC_WARN_UNUSED_VARIABLE = YES;
				IPHONEOS_DEPLOYMENT_TARGET = 9.3;
				MTL_ENABLE_DEBUG_INFO = YES;
				ONLY_ACTIVE_ARCH = YES;
				SDKROOT = iphoneos;
				SWIFT_OPTIMIZATION_LEVEL = "-Onone";
			};
			name = Debug;
		};
		6D802D691CBBFB310020C7B0 /* Release */ = {
			isa = XCBuildConfiguration;
			buildSettings = {
				ALWAYS_SEARCH_USER_PATHS = NO;
				CLANG_ANALYZER_NONNULL = YES;
				CLANG_CXX_LANGUAGE_STANDARD = "gnu++0x";
				CLANG_CXX_LIBRARY = "libc++";
				CLANG_ENABLE_MODULES = YES;
				CLANG_ENABLE_OBJC_ARC = YES;
				CLANG_WARN_BOOL_CONVERSION = YES;
				CLANG_WARN_CONSTANT_CONVERSION = YES;
				CLANG_WARN_DIRECT_OBJC_ISA_USAGE = YES_ERROR;
				CLANG_WARN_EMPTY_BODY = YES;
				CLANG_WARN_ENUM_CONVERSION = YES;
				CLANG_WARN_INT_CONVERSION = YES;
				CLANG_WARN_OBJC_ROOT_CLASS = YES_ERROR;
				CLANG_WARN_UNREACHABLE_CODE = YES;
				CLANG_WARN__DUPLICATE_METHOD_MATCH = YES;
				"CODE_SIGN_IDENTITY[sdk=iphoneos*]" = "iPhone Developer";
				COPY_PHASE_STRIP = NO;
				DEBUG_INFORMATION_FORMAT = "dwarf-with-dsym";
				ENABLE_NS_ASSERTIONS = NO;
				ENABLE_STRICT_OBJC_MSGSEND = YES;
				GCC_C_LANGUAGE_STANDARD = gnu99;
				GCC_NO_COMMON_BLOCKS = YES;
				GCC_WARN_64_TO_32_BIT_CONVERSION = YES;
				GCC_WARN_ABOUT_RETURN_TYPE = YES_ERROR;
				GCC_WARN_UNDECLARED_SELECTOR = YES;
				GCC_WARN_UNINITIALIZED_AUTOS = YES_AGGRESSIVE;
				GCC_WARN_UNUSED_FUNCTION = YES;
				GCC_WARN_UNUSED_VARIABLE = YES;
				IPHONEOS_DEPLOYMENT_TARGET = 9.3;
				MTL_ENABLE_DEBUG_INFO = NO;
				SDKROOT = iphoneos;
				VALIDATE_PRODUCT = YES;
			};
			name = Release;
		};
		6D802D6B1CBBFB310020C7B0 /* Debug */ = {
			isa = XCBuildConfiguration;
			buildSettings = {
				ASSETCATALOG_COMPILER_APPICON_NAME = AppIcon;
				INFOPLIST_FILE = NewsReader/Info.plist;
				LD_RUNPATH_SEARCH_PATHS = "$(inherited) @executable_path/Frameworks";
				PRODUCT_BUNDLE_IDENTIFIER = com.freelyspread.NewsReader;
				PRODUCT_NAME = "$(TARGET_NAME)";
			};
			name = Debug;
		};
		6D802D6C1CBBFB310020C7B0 /* Release */ = {
			isa = XCBuildConfiguration;
			buildSettings = {
				ASSETCATALOG_COMPILER_APPICON_NAME = AppIcon;
				INFOPLIST_FILE = NewsReader/Info.plist;
				LD_RUNPATH_SEARCH_PATHS = "$(inherited) @executable_path/Frameworks";
				PRODUCT_BUNDLE_IDENTIFIER = com.freelyspread.NewsReader;
				PRODUCT_NAME = "$(TARGET_NAME)";
			};
			name = Release;
		};
/* End XCBuildConfiguration section */

/* Begin XCConfigurationList section */
		6D802D531CBBFB310020C7B0 /* Build configuration list for PBXProject "NewsReader" */ = {
			isa = XCConfigurationList;
			buildConfigurations = (
				6D802D681CBBFB310020C7B0 /* Debug */,
				6D802D691CBBFB310020C7B0 /* Release */,
			);
			defaultConfigurationIsVisible = 0;
			defaultConfigurationName = Release;
		};
		6D802D6A1CBBFB310020C7B0 /* Build configuration list for PBXNativeTarget "NewsReader" */ = {
			isa = XCConfigurationList;
			buildConfigurations = (
				6D802D6B1CBBFB310020C7B0 /* Debug */,
				6D802D6C1CBBFB310020C7B0 /* Release */,
			);
			defaultConfigurationIsVisible = 0;
			defaultConfigurationName = Release;
		};
/* End XCConfigurationList section */
	};
	rootObject = 6D802D501CBBFB310020C7B0 /* Project object */;
}
